
Microsoft Visual Studio Solution File, Format Version 12.00
# Visual Studio Version 16
VisualStudioVersion = 16.0.29806.167
MinimumVisualStudioVersion = 10.0.40219.1
Project("{FAE04EC0-301F-11D3-BF4B-00C04F79EFBC}") = "SWBOptionPackageInstaller", "SWBOptionPackageInstaller.csproj", "{E71FF724-A2A4-43DA-80CA-3C41704EA35E}"
EndProject
Project("{FAE04EC0-301F-11D3-BF4B-00C04F79EFBC}") = "TestToolsBase", "..\TestToolsBase\TestToolsBase.csproj", "{85F75EC7-1A32-4E47-BCAF-24161FA70A03}"
EndProject
Global
	GlobalSection(SolutionConfigurationPlatforms) = preSolution
		Debug|Any CPU = Debug|Any CPU
		Release|Any CPU = Release|Any CPU
	EndGlobalSection
	GlobalSection(ProjectConfigurationPlatforms) = postSolution
		{E71FF724-A2A4-43DA-80CA-3C41704EA35E}.Debug|Any CPU.ActiveCfg = Debug|Any CPU
		{E71FF724-A2A4-43DA-80CA-3C41704EA35E}.Debug|Any CPU.Build.0 = Debug|Any CPU
		{E71FF724-A2A4-43DA-80CA-3C41704EA35E}.Release|Any CPU.ActiveCfg = Release|Any CPU
		{E71FF724-A2A4-43DA-80CA-3C41704EA35E}.Release|Any CPU.Build.0 = Release|Any CPU
		{85F75EC7-1A32-4E47-BCAF-24161FA70A03}.Debug|Any CPU.ActiveCfg = Debug|Any CPU
		{85F75EC7-1A32-4E47-BCAF-24161FA70A03}.Debug|Any CPU.Build.0 = Debug|Any CPU
		{85F75EC7-1A32-4E47-BCAF-24161FA70A03}.Release|Any CPU.ActiveCfg = Release|Any CPU
		{85F75EC7-1A32-4E47-BCAF-24161FA70A03}.Release|Any CPU.Build.0 = Release|Any CPU
	EndGlobalSection
	GlobalSection(SolutionProperties) = preSolution
		HideSolutionNode = FALSE
	EndGlobalSection
	GlobalSection(ExtensibilityGlobals) = postSolution
		SolutionGuid = {2E72A376-93BA-48D2-8AA0-374258F531CE}
	EndGlobalSection
EndGlobal
